// !$*UTF8*$!
{
	archiveVersion = 1;
	classes = {
	};
	objectVersion = 50;
	objects = {

/* Begin PBXBuildFile section */
		843B10FC2458A782001ACAF3 /* AppDelegate.swift in Sources */ = {isa = PBXBuildFile; fileRef = 843B10FB2458A782001ACAF3 /* AppDelegate.swift */; };
		843B10FE2458A782001ACAF3 /* SceneDelegate.swift in Sources */ = {isa = PBXBuildFile; fileRef = 843B10FD2458A782001ACAF3 /* SceneDelegate.swift */; };
		843B11002458A782001ACAF3 /* ViewController.swift in Sources */ = {isa = PBXBuildFile; fileRef = 843B10FF2458A782001ACAF3 /* ViewController.swift */; };
		843B11032458A782001ACAF3 /* Main.storyboard in Resources */ = {isa = PBXBuildFile; fileRef = 843B11012458A782001ACAF3 /* Main.storyboard */; };
		843B11052458A784001ACAF3 /* Assets.xcassets in Resources */ = {isa = PBXBuildFile; fileRef = 843B11042458A784001ACAF3 /* Assets.xcassets */; };
		843B11082458A784001ACAF3 /* LaunchScreen.storyboard in Resources */ = {isa = PBXBuildFile; fileRef = 843B11062458A784001ACAF3 /* LaunchScreen.storyboard */; };
		843B11132458A784001ACAF3 /* SolicitaTests.swift in Sources */ = {isa = PBXBuildFile; fileRef = 843B11122458A784001ACAF3 /* SolicitaTests.swift */; };
		843B111E2458A784001ACAF3 /* SolicitaUITests.swift in Sources */ = {isa = PBXBuildFile; fileRef = 843B111D2458A784001ACAF3 /* SolicitaUITests.swift */; };
		843B112D2458A80A001ACAF3 /* WorkSans-SemiBold.otf in Resources */ = {isa = PBXBuildFile; fileRef = 843B112C2458A80A001ACAF3 /* WorkSans-SemiBold.otf */; };
		843B112F2458ACEF001ACAF3 /* WorkSans-Regular.otf in Resources */ = {isa = PBXBuildFile; fileRef = 843B112E2458ACEF001ACAF3 /* WorkSans-Regular.otf */; };
		843B11352458C0E9001ACAF3 /* FormViewController.swift in Sources */ = {isa = PBXBuildFile; fileRef = 843B11342458C0E9001ACAF3 /* FormViewController.swift */; };
/* End PBXBuildFile section */

/* Begin PBXContainerItemProxy section */
		843B110F2458A784001ACAF3 /* PBXContainerItemProxy */ = {
			isa = PBXContainerItemProxy;
			containerPortal = 843B10F02458A782001ACAF3 /* Project object */;
			proxyType = 1;
			remoteGlobalIDString = 843B10F72458A782001ACAF3;
			remoteInfo = Solicita;
		};
		843B111A2458A784001ACAF3 /* PBXContainerItemProxy */ = {
			isa = PBXContainerItemProxy;
			containerPortal = 843B10F02458A782001ACAF3 /* Project object */;
			proxyType = 1;
			remoteGlobalIDString = 843B10F72458A782001ACAF3;
			remoteInfo = Solicita;
		};
/* End PBXContainerItemProxy section */

/* Begin PBXFileReference section */
		843B10F82458A782001ACAF3 /* Solicita.app */ = {isa = PBXFileReference; explicitFileType = wrapper.application; includeInIndex = 0; path = Solicita.app; sourceTree = BUILT_PRODUCTS_DIR; };
		843B10FB2458A782001ACAF3 /* AppDelegate.swift */ = {isa = PBXFileReference; lastKnownFileType = sourcecode.swift; path = AppDelegate.swift; sourceTree = "<group>"; };
		843B10FD2458A782001ACAF3 /* SceneDelegate.swift */ = {isa = PBXFileReference; lastKnownFileType = sourcecode.swift; path = SceneDelegate.swift; sourceTree = "<group>"; };
		843B10FF2458A782001ACAF3 /* ViewController.swift */ = {isa = PBXFileReference; lastKnownFileType = sourcecode.swift; path = ViewController.swift; sourceTree = "<group>"; };
		843B11022458A782001ACAF3 /* Base */ = {isa = PBXFileReference; lastKnownFileType = file.storyboard; name = Base; path = Base.lproj/Main.storyboard; sourceTree = "<group>"; };
		843B11042458A784001ACAF3 /* Assets.xcassets */ = {isa = PBXFileReference; lastKnownFileType = folder.assetcatalog; path = Assets.xcassets; sourceTree = "<group>"; };
		843B11072458A784001ACAF3 /* Base */ = {isa = PBXFileReference; lastKnownFileType = file.storyboard; name = Base; path = Base.lproj/LaunchScreen.storyboard; sourceTree = "<group>"; };
		843B11092458A784001ACAF3 /* Info.plist */ = {isa = PBXFileReference; lastKnownFileType = text.plist.xml; path = Info.plist; sourceTree = "<group>"; };
		843B110E2458A784001ACAF3 /* SolicitaTests.xctest */ = {isa = PBXFileReference; explicitFileType = wrapper.cfbundle; includeInIndex = 0; path = SolicitaTests.xctest; sourceTree = BUILT_PRODUCTS_DIR; };
		843B11122458A784001ACAF3 /* SolicitaTests.swift */ = {isa = PBXFileReference; lastKnownFileType = sourcecode.swift; path = SolicitaTests.swift; sourceTree = "<group>"; };
		843B11142458A784001ACAF3 /* Info.plist */ = {isa = PBXFileReference; lastKnownFileType = text.plist.xml; path = Info.plist; sourceTree = "<group>"; };
		843B11192458A784001ACAF3 /* SolicitaUITests.xctest */ = {isa = PBXFileReference; explicitFileType = wrapper.cfbundle; includeInIndex = 0; path = SolicitaUITests.xctest; sourceTree = BUILT_PRODUCTS_DIR; };
		843B111D2458A784001ACAF3 /* SolicitaUITests.swift */ = {isa = PBXFileReference; lastKnownFileType = sourcecode.swift; path = SolicitaUITests.swift; sourceTree = "<group>"; };
		843B111F2458A784001ACAF3 /* Info.plist */ = {isa = PBXFileReference; lastKnownFileType = text.plist.xml; path = Info.plist; sourceTree = "<group>"; };
		843B112C2458A80A001ACAF3 /* WorkSans-SemiBold.otf */ = {isa = PBXFileReference; lastKnownFileType = file; name = "WorkSans-SemiBold.otf"; path = "../../../../../../../../../Downloads/work-sans/WorkSans-SemiBold.otf"; sourceTree = "<group>"; };
		843B112E2458ACEF001ACAF3 /* WorkSans-Regular.otf */ = {isa = PBXFileReference; lastKnownFileType = file; name = "WorkSans-Regular.otf"; path = "../../../../../../../../../Downloads/work-sans/WorkSans-Regular.otf"; sourceTree = "<group>"; };
		843B11342458C0E9001ACAF3 /* FormViewController.swift */ = {isa = PBXFileReference; lastKnownFileType = sourcecode.swift; path = FormViewController.swift; sourceTree = "<group>"; };
/* End PBXFileReference section */

/* Begin PBXFrameworksBuildPhase section */
		843B10F52458A782001ACAF3 /* Frameworks */ = {
			isa = PBXFrameworksBuildPhase;
			buildActionMask = 2147483647;
			files = (
			);
			runOnlyForDeploymentPostprocessing = 0;
		};
		843B110B2458A784001ACAF3 /* Frameworks */ = {
			isa = PBXFrameworksBuildPhase;
			buildActionMask = 2147483647;
			files = (
			);
			runOnlyForDeploymentPostprocessing = 0;
		};
		843B11162458A784001ACAF3 /* Frameworks */ = {
			isa = PBXFrameworksBuildPhase;
			buildActionMask = 2147483647;
			files = (
			);
			runOnlyForDeploymentPostprocessing = 0;
		};
/* End PBXFrameworksBuildPhase section */

/* Begin PBXGroup section */
		843B10EF2458A782001ACAF3 = {
			isa = PBXGroup;
			children = (
				843B10FA2458A782001ACAF3 /* Solicita */,
				843B11112458A784001ACAF3 /* SolicitaTests */,
				843B111C2458A784001ACAF3 /* SolicitaUITests */,
				843B10F92458A782001ACAF3 /* Products */,
			);
			sourceTree = "<group>";
		};
		843B10F92458A782001ACAF3 /* Products */ = {
			isa = PBXGroup;
			children = (
				843B10F82458A782001ACAF3 /* Solicita.app */,
				843B110E2458A784001ACAF3 /* SolicitaTests.xctest */,
				843B11192458A784001ACAF3 /* SolicitaUITests.xctest */,
			);
			name = Products;
			sourceTree = "<group>";
		};
		843B10FA2458A782001ACAF3 /* Solicita */ = {
			isa = PBXGroup;
			children = (
				843B10FB2458A782001ACAF3 /* AppDelegate.swift */,
				843B10FD2458A782001ACAF3 /* SceneDelegate.swift */,
				843B10FF2458A782001ACAF3 /* ViewController.swift */,
				843B11012458A782001ACAF3 /* Main.storyboard */,
				843B11042458A784001ACAF3 /* Assets.xcassets */,
				843B11062458A784001ACAF3 /* LaunchScreen.storyboard */,
				843B11092458A784001ACAF3 /* Info.plist */,
				843B112B2458A7E5001ACAF3 /* Font */,
				843B11342458C0E9001ACAF3 /* FormViewController.swift */,
			);
			path = Solicita;
			sourceTree = "<group>";
		};
		843B11112458A784001ACAF3 /* SolicitaTests */ = {
			isa = PBXGroup;
			children = (
				843B11122458A784001ACAF3 /* SolicitaTests.swift */,
				843B11142458A784001ACAF3 /* Info.plist */,
			);
			path = SolicitaTests;
			sourceTree = "<group>";
		};
		843B111C2458A784001ACAF3 /* SolicitaUITests */ = {
			isa = PBXGroup;
			children = (
				843B111D2458A784001ACAF3 /* SolicitaUITests.swift */,
				843B111F2458A784001ACAF3 /* Info.plist */,
			);
			path = SolicitaUITests;
			sourceTree = "<group>";
		};
		843B112B2458A7E5001ACAF3 /* Font */ = {
			isa = PBXGroup;
			children = (
				843B112E2458ACEF001ACAF3 /* WorkSans-Regular.otf */,
				843B112C2458A80A001ACAF3 /* WorkSans-SemiBold.otf */,
			);
			path = Font;
			sourceTree = "<group>";
		};
/* End PBXGroup section */

/* Begin PBXNativeTarget section */
		843B10F72458A782001ACAF3 /* Solicita */ = {
			isa = PBXNativeTarget;
			buildConfigurationList = 843B11222458A784001ACAF3 /* Build configuration list for PBXNativeTarget "Solicita" */;
			buildPhases = (
				843B10F42458A782001ACAF3 /* Sources */,
				843B10F52458A782001ACAF3 /* Frameworks */,
				843B10F62458A782001ACAF3 /* Resources */,
			);
			buildRules = (
			);
			dependencies = (
			);
			name = Solicita;
			productName = Solicita;
			productReference = 843B10F82458A782001ACAF3 /* Solicita.app */;
			productType = "com.apple.product-type.application";
		};
		843B110D2458A784001ACAF3 /* SolicitaTests */ = {
			isa = PBXNativeTarget;
			buildConfigurationList = 843B11252458A784001ACAF3 /* Build configuration list for PBXNativeTarget "SolicitaTests" */;
			buildPhases = (
				843B110A2458A784001ACAF3 /* Sources */,
				843B110B2458A784001ACAF3 /* Frameworks */,
				843B110C2458A784001ACAF3 /* Resources */,
			);
			buildRules = (
			);
			dependencies = (
				843B11102458A784001ACAF3 /* PBXTargetDependency */,
			);
			name = SolicitaTests;
			productName = SolicitaTests;
			productReference = 843B110E2458A784001ACAF3 /* SolicitaTests.xctest */;
			productType = "com.apple.product-type.bundle.unit-test";
		};
		843B11182458A784001ACAF3 /* SolicitaUITests */ = {
			isa = PBXNativeTarget;
			buildConfigurationList = 843B11282458A784001ACAF3 /* Build configuration list for PBXNativeTarget "SolicitaUITests" */;
			buildPhases = (
				843B11152458A784001ACAF3 /* Sources */,
				843B11162458A784001ACAF3 /* Frameworks */,
				843B11172458A784001ACAF3 /* Resources */,
			);
			buildRules = (
			);
			dependencies = (
				843B111B2458A784001ACAF3 /* PBXTargetDependency */,
			);
			name = SolicitaUITests;
			productName = SolicitaUITests;
			productReference = 843B11192458A784001ACAF3 /* SolicitaUITests.xctest */;
			productType = "com.apple.product-type.bundle.ui-testing";
		};
/* End PBXNativeTarget section */

/* Begin PBXProject section */
		843B10F02458A782001ACAF3 /* Project object */ = {
			isa = PBXProject;
			attributes = {
				LastSwiftUpdateCheck = 1110;
				LastUpgradeCheck = 1110;
				ORGANIZATIONNAME = admin;
				TargetAttributes = {
					843B10F72458A782001ACAF3 = {
						CreatedOnToolsVersion = 11.1;
					};
					843B110D2458A784001ACAF3 = {
						CreatedOnToolsVersion = 11.1;
						TestTargetID = 843B10F72458A782001ACAF3;
					};
					843B11182458A784001ACAF3 = {
						CreatedOnToolsVersion = 11.1;
						TestTargetID = 843B10F72458A782001ACAF3;
					};
				};
			};
			buildConfigurationList = 843B10F32458A782001ACAF3 /* Build configuration list for PBXProject "Solicita" */;
			compatibilityVersion = "Xcode 9.3";
			developmentRegion = en;
			hasScannedForEncodings = 0;
			knownRegions = (
				en,
				Base,
			);
			mainGroup = 843B10EF2458A782001ACAF3;
			productRefGroup = 843B10F92458A782001ACAF3 /* Products */;
			projectDirPath = "";
			projectRoot = "";
			targets = (
				843B10F72458A782001ACAF3 /* Solicita */,
				843B110D2458A784001ACAF3 /* SolicitaTests */,
				843B11182458A784001ACAF3 /* SolicitaUITests */,
			);
		};
/* End PBXProject section */

/* Begin PBXResourcesBuildPhase section */
		843B10F62458A782001ACAF3 /* Resources */ = {
			isa = PBXResourcesBuildPhase;
			buildActionMask = 2147483647;
			files = (
				843B112D2458A80A001ACAF3 /* WorkSans-SemiBold.otf in Resources */,
				843B11082458A784001ACAF3 /* LaunchScreen.storyboard in Resources */,
				843B11052458A784001ACAF3 /* Assets.xcassets in Resources */,
				843B11032458A782001ACAF3 /* Main.storyboard in Resources */,
				843B112F2458ACEF001ACAF3 /* WorkSans-Regular.otf in Resources */,
			);
			runOnlyForDeploymentPostprocessing = 0;
		};
		843B110C2458A784001ACAF3 /* Resources */ = {
			isa = PBXResourcesBuildPhase;
			buildActionMask = 2147483647;
			files = (
			);
			runOnlyForDeploymentPostprocessing = 0;
		};
		843B11172458A784001ACAF3 /* Resources */ = {
			isa = PBXResourcesBuildPhase;
			buildActionMask = 2147483647;
			files = (
			);
			runOnlyForDeploymentPostprocessing = 0;
		};
/* End PBXResourcesBuildPhase section */

/* Begin PBXSourcesBuildPhase section */
		843B10F42458A782001ACAF3 /* Sources */ = {
			isa = PBXSourcesBuildPhase;
			buildActionMask = 2147483647;
			files = (
				843B11002458A782001ACAF3 /* ViewController.swift in Sources */,
				843B10FC2458A782001ACAF3 /* AppDelegate.swift in Sources */,
				843B11352458C0E9001ACAF3 /* FormViewController.swift in Sources */,
				843B10FE2458A782001ACAF3 /* SceneDelegate.swift in Sources */,
			);
			runOnlyForDeploymentPostprocessing = 0;
		};
		843B110A2458A784001ACAF3 /* Sources */ = {
			isa = PBXSourcesBuildPhase;
			buildActionMask = 2147483647;
			files = (
				843B11132458A784001ACAF3 /* SolicitaTests.swift in Sources */,
			);
			runOnlyForDeploymentPostprocessing = 0;
		};
		843B11152458A784001ACAF3 /* Sources */ = {
			isa = PBXSourcesBuildPhase;
			buildActionMask = 2147483647;
			files = (
				843B111E2458A784001ACAF3 /* SolicitaUITests.swift in Sources */,
			);
			runOnlyForDeploymentPostprocessing = 0;
		};
/* End PBXSourcesBuildPhase section */

/* Begin PBXTargetDependency section */
		843B11102458A784001ACAF3 /* PBXTargetDependency */ = {
			isa = PBXTargetDependency;
			target = 843B10F72458A782001ACAF3 /* Solicita */;
			targetProxy = 843B110F2458A784001ACAF3 /* PBXContainerItemProxy */;
		};
		843B111B2458A784001ACAF3 /* PBXTargetDependency */ = {
			isa = PBXTargetDependency;
			target = 843B10F72458A782001ACAF3 /* Solicita */;
			targetProxy = 843B111A2458A784001ACAF3 /* PBXContainerItemProxy */;
		};
/* End PBXTargetDependency section */

/* Begin PBXVariantGroup section */
		843B11012458A782001ACAF3 /* Main.storyboard */ = {
			isa = PBXVariantGroup;
			children = (
				843B11022458A782001ACAF3 /* Base */,
			);
			name = Main.storyboard;
			sourceTree = "<group>";
		};
		843B11062458A784001ACAF3 /* LaunchScreen.storyboard */ = {
			isa = PBXVariantGroup;
			children = (
				843B11072458A784001ACAF3 /* Base */,
			);
			name = LaunchScreen.storyboard;
			sourceTree = "<group>";
		};
/* End PBXVariantGroup section */

/* Begin XCBuildConfiguration section */
		843B11202458A784001ACAF3 /* Debug */ = {
			isa = XCBuildConfiguration;
			buildSettings = {
				ALWAYS_SEARCH_USER_PATHS = NO;
				CLANG_ANALYZER_NONNULL = YES;
				CLANG_ANALYZER_NUMBER_OBJECT_CONVERSION = YES_AGGRESSIVE;
				CLANG_CXX_LANGUAGE_STANDARD = "gnu++14";
				CLANG_CXX_LIBRARY = "libc++";
				CLANG_ENABLE_MODULES = YES;
				CLANG_ENABLE_OBJC_ARC = YES;
				CLANG_ENABLE_OBJC_WEAK = YES;
				CLANG_WARN_BLOCK_CAPTURE_AUTORELEASING = YES;
				CLANG_WARN_BOOL_CONVERSION = YES;
				CLANG_WARN_COMMA = YES;
				CLANG_WARN_CONSTANT_CONVERSION = YES;
				CLANG_WARN_DEPRECATED_OBJC_IMPLEMENTATIONS = YES;
				CLANG_WARN_DIRECT_OBJC_ISA_USAGE = YES_ERROR;
				CLANG_WARN_DOCUMENTATION_COMMENTS = YES;
				CLANG_WARN_EMPTY_BODY = YES;
				CLANG_WARN_ENUM_CONVERSION = YES;
				CLANG_WARN_INFINITE_RECURSION = YES;
				CLANG_WARN_INT_CONVERSION = YES;
				CLANG_WARN_NON_LITERAL_NULL_CONVERSION = YES;
				CLANG_WARN_OBJC_IMPLICIT_RETAIN_SELF = YES;
				CLANG_WARN_OBJC_LITERAL_CONVERSION = YES;
				CLANG_WARN_OBJC_ROOT_CLASS = YES_ERROR;
				CLANG_WARN_RANGE_LOOP_ANALYSIS = YES;
				CLANG_WARN_STRICT_PROTOTYPES = YES;
				CLANG_WARN_SUSPICIOUS_MOVE = YES;
				CLANG_WARN_UNGUARDED_AVAILABILITY = YES_AGGRESSIVE;
				CLANG_WARN_UNREACHABLE_CODE = YES;
				CLANG_WARN__DUPLICATE_METHOD_MATCH = YES;
				COPY_PHASE_STRIP = NO;
				DEBUG_INFORMATION_FORMAT = dwarf;
				ENABLE_STRICT_OBJC_MSGSEND = YES;
				ENABLE_TESTABILITY = YES;
				GCC_C_LANGUAGE_STANDARD = gnu11;
				GCC_DYNAMIC_NO_PIC = NO;
				GCC_NO_COMMON_BLOCKS = YES;
				GCC_OPTIMIZATION_LEVEL = 0;
				GCC_PREPROCESSOR_DEFINITIONS = (
					"DEBUG=1",
					"$(inherited)",
				);
				GCC_WARN_64_TO_32_BIT_CONVERSION = YES;
				GCC_WARN_ABOUT_RETURN_TYPE = YES_ERROR;
				GCC_WARN_UNDECLARED_SELECTOR = YES;
				GCC_WARN_UNINITIALIZED_AUTOS = YES_AGGRESSIVE;
				GCC_WARN_UNUSED_FUNCTION = YES;
				GCC_WARN_UNUSED_VARIABLE = YES;
				IPHONEOS_DEPLOYMENT_TARGET = 13.1;
				MTL_ENABLE_DEBUG_INFO = INCLUDE_SOURCE;
				MTL_FAST_MATH = YES;
				ONLY_ACTIVE_ARCH = YES;
				SDKROOT = iphoneos;
				SWIFT_ACTIVE_COMPILATION_CONDITIONS = DEBUG;
				SWIFT_OPTIMIZATION_LEVEL = "-Onone";
			};
			name = Debug;
		};
		843B11212458A784001ACAF3 /* Release */ = {
			isa = XCBuildConfiguration;
			buildSettings = {
				ALWAYS_SEARCH_USER_PATHS = NO;
				CLANG_ANALYZER_NONNULL = YES;
				CLANG_ANALYZER_NUMBER_OBJECT_CONVERSION = YES_AGGRESSIVE;
				CLANG_CXX_LANGUAGE_STANDARD = "gnu++14";
				CLANG_CXX_LIBRARY = "libc++";
				CLANG_ENABLE_MODULES = YES;
				CLANG_ENABLE_OBJC_ARC = YES;
				CLANG_ENABLE_OBJC_WEAK = YES;
				CLANG_WARN_BLOCK_CAPTURE_AUTORELEASING = YES;
				CLANG_WARN_BOOL_CONVERSION = YES;
				CLANG_WARN_COMMA = YES;
				CLANG_WARN_CONSTANT_CONVERSION = YES;
				CLANG_WARN_DEPRECATED_OBJC_IMPLEMENTATIONS = YES;
				CLANG_WARN_DIRECT_OBJC_ISA_USAGE = YES_ERROR;
				CLANG_WARN_DOCUMENTATION_COMMENTS = YES;
				CLANG_WARN_EMPTY_BODY = YES;
				CLANG_WARN_ENUM_CONVERSION = YES;
				CLANG_WARN_INFINITE_RECURSION = YES;
				CLANG_WARN_INT_CONVERSION = YES;
				CLANG_WARN_NON_LITERAL_NULL_CONVERSION = YES;
				CLANG_WARN_OBJC_IMPLICIT_RETAIN_SELF = YES;
				CLANG_WARN_OBJC_LITERAL_CONVERSION = YES;
				CLANG_WARN_OBJC_ROOT_CLASS = YES_ERROR;
				CLANG_WARN_RANGE_LOOP_ANALYSIS = YES;
				CLANG_WARN_STRICT_PROTOTYPES = YES;
				CLANG_WARN_SUSPICIOUS_MOVE = YES;
				CLANG_WARN_UNGUARDED_AVAILABILITY = YES_AGGRESSIVE;
				CLANG_WARN_UNREACHABLE_CODE = YES;
				CLANG_WARN__DUPLICATE_METHOD_MATCH = YES;
				COPY_PHASE_STRIP = NO;
				DEBUG_INFORMATION_FORMAT = "dwarf-with-dsym";
				ENABLE_NS_ASSERTIONS = NO;
				ENABLE_STRICT_OBJC_MSGSEND = YES;
				GCC_C_LANGUAGE_STANDARD = gnu11;
				GCC_NO_COMMON_BLOCKS = YES;
				GCC_WARN_64_TO_32_BIT_CONVERSION = YES;
				GCC_WARN_ABOUT_RETURN_TYPE = YES_ERROR;
				GCC_WARN_UNDECLARED_SELECTOR = YES;
				GCC_WARN_UNINITIALIZED_AUTOS = YES_AGGRESSIVE;
				GCC_WARN_UNUSED_FUNCTION = YES;
				GCC_WARN_UNUSED_VARIABLE = YES;
				IPHONEOS_DEPLOYMENT_TARGET = 13.1;
				MTL_ENABLE_DEBUG_INFO = NO;
				MTL_FAST_MATH = YES;
				SDKROOT = iphoneos;
				SWIFT_COMPILATION_MODE = wholemodule;
				SWIFT_OPTIMIZATION_LEVEL = "-O";
				VALIDATE_PRODUCT = YES;
			};
			name = Release;
		};
		843B11232458A784001ACAF3 /* Debug */ = {
			isa = XCBuildConfiguration;
			buildSettings = {
				ASSETCATALOG_COMPILER_APPICON_NAME = AppIcon;
				CODE_SIGN_STYLE = Automatic;
				INFOPLIST_FILE = Solicita/Info.plist;
				LD_RUNPATH_SEARCH_PATHS = (
					"$(inherited)",
					"@executable_path/Frameworks",
				);
				PRODUCT_BUNDLE_IDENTIFIER = com.tickets.Solicita;
				PRODUCT_NAME = "$(TARGET_NAME)";
				SWIFT_VERSION = 5.0;
				TARGETED_DEVICE_FAMILY = "1,2";
			};
			name = Debug;
		};
		843B11242458A784001ACAF3 /* Release */ = {
			isa = XCBuildConfiguration;
			buildSettings = {
				ASSETCATALOG_COMPILER_APPICON_NAME = AppIcon;
				CODE_SIGN_STYLE = Automatic;
				INFOPLIST_FILE = Solicita/Info.plist;
				LD_RUNPATH_SEARCH_PATHS = (
					"$(inherited)",
					"@executable_path/Frameworks",
				);
				PRODUCT_BUNDLE_IDENTIFIER = com.tickets.Solicita;
				PRODUCT_NAME = "$(TARGET_NAME)";
				SWIFT_VERSION = 5.0;
				TARGETED_DEVICE_FAMILY = "1,2";
			};
			name = Release;
		};
		843B11262458A784001ACAF3 /* Debug */ = {
			isa = XCBuildConfiguration;
			buildSettings = {
				ALWAYS_EMBED_SWIFT_STANDARD_LIBRARIES = YES;
				BUNDLE_LOADER = "$(TEST_HOST)";
				CODE_SIGN_STYLE = Automatic;
				INFOPLIST_FILE = SolicitaTests/Info.plist;
				IPHONEOS_DEPLOYMENT_TARGET = 13.1;
				LD_RUNPATH_SEARCH_PATHS = (
					"$(inherited)",
					"@executable_path/Frameworks",
					"@loader_path/Frameworks",
				);
				PRODUCT_BUNDLE_IDENTIFIER = com.tickets.SolicitaTests;
				PRODUCT_NAME = "$(TARGET_NAME)";
				SWIFT_VERSION = 5.0;
				TARGETED_DEVICE_FAMILY = "1,2";
				TEST_HOST = "$(BUILT_PRODUCTS_DIR)/Solicita.app/Solicita";
			};
			name = Debug;
		};
		843B11272458A784001ACAF3 /* Release */ = {
			isa = XCBuildConfiguration;
			buildSettings = {
				ALWAYS_EMBED_SWIFT_STANDARD_LIBRARIES = YES;
				BUNDLE_LOADER = "$(TEST_HOST)";
				CODE_SIGN_STYLE = Automatic;
				INFOPLIST_FILE = SolicitaTests/Info.plist;
				IPHONEOS_DEPLOYMENT_TARGET = 13.1;
				LD_RUNPATH_SEARCH_PATHS = (
					"$(inherited)",
					"@executable_path/Frameworks",
					"@loader_path/Frameworks",
				);
				PRODUCT_BUNDLE_IDENTIFIER = com.tickets.SolicitaTests;
				PRODUCT_NAME = "$(TARGET_NAME)";
				SWIFT_VERSION = 5.0;
				TARGETED_DEVICE_FAMILY = "1,2";
				TEST_HOST = "$(BUILT_PRODUCTS_DIR)/Solicita.app/Solicita";
			};
			name = Release;
		};
		843B11292458A784001ACAF3 /* Debug */ = {
			isa = XCBuildConfiguration;
			buildSettings = {
				ALWAYS_EMBED_SWIFT_STANDARD_LIBRARIES = YES;
				CODE_SIGN_STYLE = Automatic;
				INFOPLIST_FILE = SolicitaUITests/Info.plist;
				LD_RUNPATH_SEARCH_PATHS = (
					"$(inherited)",
					"@executable_path/Frameworks",
					"@loader_path/Frameworks",
				);
				PRODUCT_BUNDLE_IDENTIFIER = com.tickets.SolicitaUITests;
				PRODUCT_NAME = "$(TARGET_NAME)";
				SWIFT_VERSION = 5.0;
				TARGETED_DEVICE_FAMILY = "1,2";
				TEST_TARGET_NAME = Solicita;
			};
			name = Debug;
		};
		843B112A2458A784001ACAF3 /* Release */ = {
			isa = XCBuildConfiguration;
			buildSettings = {
				ALWAYS_EMBED_SWIFT_STANDARD_LIBRARIES = YES;
				CODE_SIGN_STYLE = Automatic;
				INFOPLIST_FILE = SolicitaUITests/Info.plist;
				LD_RUNPATH_SEARCH_PATHS = (
					"$(inherited)",
					"@executable_path/Frameworks",
					"@loader_path/Frameworks",
				);
				PRODUCT_BUNDLE_IDENTIFIER = com.tickets.SolicitaUITests;
				PRODUCT_NAME = "$(TARGET_NAME)";
				SWIFT_VERSION = 5.0;
				TARGETED_DEVICE_FAMILY = "1,2";
				TEST_TARGET_NAME = Solicita;
			};
			name = Release;
		};
/* End XCBuildConfiguration section */

/* Begin XCConfigurationList section */
		843B10F32458A782001ACAF3 /* Build configuration list for PBXProject "Solicita" */ = {
			isa = XCConfigurationList;
			buildConfigurations = (
				843B11202458A784001ACAF3 /* Debug */,
				843B11212458A784001ACAF3 /* Release */,
			);
			defaultConfigurationIsVisible = 0;
			defaultConfigurationName = Release;
		};
		843B11222458A784001ACAF3 /* Build configuration list for PBXNativeTarget "Solicita" */ = {
			isa = XCConfigurationList;
			buildConfigurations = (
				843B11232458A784001ACAF3 /* Debug */,
				843B11242458A784001ACAF3 /* Release */,
			);
			defaultConfigurationIsVisible = 0;
			defaultConfigurationName = Release;
		};
		843B11252458A784001ACAF3 /* Build configuration list for PBXNativeTarget "SolicitaTests" */ = {
			isa = XCConfigurationList;
			buildConfigurations = (
				843B11262458A784001ACAF3 /* Debug */,
				843B11272458A784001ACAF3 /* Release */,
			);
			defaultConfigurationIsVisible = 0;
			defaultConfigurationName = Release;
		};
		843B11282458A784001ACAF3 /* Build configuration list for PBXNativeTarget "SolicitaUITests" */ = {
			isa = XCConfigurationList;
			buildConfigurations = (
				843B11292458A784001ACAF3 /* Debug */,
				843B112A2458A784001ACAF3 /* Release */,
			);
			defaultConfigurationIsVisible = 0;
			defaultConfigurationName = Release;
		};
/* End XCConfigurationList section */
	};
	rootObject = 843B10F02458A782001ACAF3 /* Project object */;
}
